
Microsoft Visual Studio Solution File, Format Version 12.00
# Visual Studio Version 16
VisualStudioVersion = 16.0.31702.278
MinimumVisualStudioVersion = 10.0.40219.1
Project("{FAE04EC0-301F-11D3-BF4B-00C04F79EFBC}") = "Entities", "Entities\Entities.csproj", "{B1E44429-0E86-46AB-BFE3-EB03DD72CFAC}"
EndProject
Project("{FAE04EC0-301F-11D3-BF4B-00C04F79EFBC}") = "DataAccess", "DataAccess\DataAccess.csproj", "{3A62454A-901A-4A28-B913-D09823BDC7C8}"
EndProject
Project("{FAE04EC0-301F-11D3-BF4B-00C04F79EFBC}") = "Business", "Business\Business.csproj", "{03C01022-68E4-44E7-830B-EC367ECA2E9C}"
EndProject
Project("{FAE04EC0-301F-11D3-BF4B-00C04F79EFBC}") = "ConsoleUI", "Console\ConsoleUI.csproj", "{69816B03-0B5A-4D18-BA1C-A226B911329F}"
EndProject
Global
	GlobalSection(SolutionConfigurationPlatforms) = preSolution
		Debug|Any CPU = Debug|Any CPU
		Release|Any CPU = Release|Any CPU
	EndGlobalSection
	GlobalSection(ProjectConfigurationPlatforms) = postSolution
		{B1E44429-0E86-46AB-BFE3-EB03DD72CFAC}.Debug|Any CPU.ActiveCfg = Debug|Any CPU
		{B1E44429-0E86-46AB-BFE3-EB03DD72CFAC}.Debug|Any CPU.Build.0 = Debug|Any CPU
		{B1E44429-0E86-46AB-BFE3-EB03DD72CFAC}.Release|Any CPU.ActiveCfg = Release|Any CPU
		{B1E44429-0E86-46AB-BFE3-EB03DD72CFAC}.Release|Any CPU.Build.0 = Release|Any CPU
		{3A62454A-901A-4A28-B913-D09823BDC7C8}.Debug|Any CPU.ActiveCfg = Debug|Any CPU
		{3A62454A-901A-4A28-B913-D09823BDC7C8}.Debug|Any CPU.Build.0 = Debug|Any CPU
		{3A62454A-901A-4A28-B913-D09823BDC7C8}.Release|Any CPU.ActiveCfg = Release|Any CPU
		{3A62454A-901A-4A28-B913-D09823BDC7C8}.Release|Any CPU.Build.0 = Release|Any CPU
		{03C01022-68E4-44E7-830B-EC367ECA2E9C}.Debug|Any CPU.ActiveCfg = Debug|Any CPU
		{03C01022-68E4-44E7-830B-EC367ECA2E9C}.Debug|Any CPU.Build.0 = Debug|Any CPU
		{03C01022-68E4-44E7-830B-EC367ECA2E9C}.Release|Any CPU.ActiveCfg = Release|Any CPU
		{03C01022-68E4-44E7-830B-EC367ECA2E9C}.Release|Any CPU.Build.0 = Release|Any CPU
		{69816B03-0B5A-4D18-BA1C-A226B911329F}.Debug|Any CPU.ActiveCfg = Debug|Any CPU
		{69816B03-0B5A-4D18-BA1C-A226B911329F}.Debug|Any CPU.Build.0 = Debug|Any CPU
		{69816B03-0B5A-4D18-BA1C-A226B911329F}.Release|Any CPU.ActiveCfg = Release|Any CPU
		{69816B03-0B5A-4D18-BA1C-A226B911329F}.Release|Any CPU.Build.0 = Release|Any CPU
	EndGlobalSection
	GlobalSection(SolutionProperties) = preSolution
		HideSolutionNode = FALSE
	EndGlobalSection
	GlobalSection(ExtensibilityGlobals) = postSolution
		SolutionGuid = {25A5498C-FCFE-47FF-8237-CCD4D6B62F54}
	EndGlobalSection
EndGlobal
